{
  "name": "backpack-react-native",
  "version": "21.2.0",
  "lockfileVersion": 1,
  "requires": true,
  "dependencies": {
    "asap": {
      "version": "2.0.6",
      "resolved": "https://registry.npmjs.org/asap/-/asap-2.0.6.tgz",
      "integrity": "sha1-5QNHYR1+aQlDIIu9r+vLwvuGbUY="
    },
    "brcast": {
      "version": "3.0.2",
      "resolved": "https://registry.npmjs.org/brcast/-/brcast-3.0.2.tgz",
      "integrity": "sha512-f5XwwFCCuvgqP2nMH/hJ74FqnGmb4X3D+NC//HphxJzzhsZvSZa+Hk/syB7j3ZHpPDLMoYU8oBgviRWfNvEfKA=="
    },
    "core-js": {
      "version": "1.2.7",
      "resolved": "https://registry.npmjs.org/core-js/-/core-js-1.2.7.tgz",
      "integrity": "sha1-ZSKUwUZR2yj6k70tX/KYOk8IxjY="
    },
    "encoding": {
      "version": "0.1.13",
      "resolved": "https://registry.npmjs.org/encoding/-/encoding-0.1.13.tgz",
      "integrity": "sha512-ETBauow1T35Y/WZMkio9jiM0Z5xjHHmJ4XmjZOq1l/dXz3lr2sRn87nJy20RupqSh1F2m3HHPSp8ShIPQJrJ3A==",
      "requires": {
        "iconv-lite": "^0.6.2"
      }
    },
    "fbjs": {
      "version": "0.8.18",
      "resolved": "https://registry.npmjs.org/fbjs/-/fbjs-0.8.18.tgz",
      "integrity": "sha512-EQaWFK+fEPSoibjNy8IxUtaFOMXcWsY0JaVrQoZR9zC8N2Ygf9iDITPWjUTVIax95b6I742JFLqASHfsag/vKA==",
      "requires": {
        "core-js": "^1.0.0",
        "isomorphic-fetch": "^2.1.1",
        "loose-envify": "^1.0.0",
        "object-assign": "^4.1.0",
        "promise": "^7.1.1",
        "setimmediate": "^1.0.5",
        "ua-parser-js": "^0.7.30"
      }
    },
    "iconv-lite": {
      "version": "0.6.3",
      "resolved": "https://registry.npmjs.org/iconv-lite/-/iconv-lite-0.6.3.tgz",
      "integrity": "sha512-4fCk79wshMdzMp2rH06qWrJE4iolqLhCUH+OiuIgU++RB0+94NlDL81atO7GX55uUKueo0txHNtvEyI6D7WdMw==",
      "requires": {
        "safer-buffer": ">= 2.1.2 < 3.0.0"
      }
    },
    "is-function": {
      "version": "1.0.2",
      "resolved": "https://registry.npmjs.org/is-function/-/is-function-1.0.2.tgz",
      "integrity": "sha512-lw7DUp0aWXYg+CBCN+JKkcE0Q2RayZnSvnZBlwgxHBQhqt5pZNVy4Ri7H9GmmXkdu7LUthszM+Tor1u/2iBcpQ=="
    },
    "is-plain-object": {
      "version": "2.0.4",
      "resolved": "https://registry.npmjs.org/is-plain-object/-/is-plain-object-2.0.4.tgz",
      "integrity": "sha512-h5PpgXkWitc38BBMYawTYMWJHFZJVnBquFE57xFpjB8pJFiF6gZ+bU+WyI/yqXiFR5mdLsgYNaPe8uao6Uv9Og==",
      "requires": {
        "isobject": "^3.0.1"
      }
    },
    "is-stream": {
      "version": "1.1.0",
      "resolved": "https://registry.npmjs.org/is-stream/-/is-stream-1.1.0.tgz",
      "integrity": "sha1-EtSj3U5o4Lec6428hBc66A2RykQ="
    },
    "isobject": {
      "version": "3.0.1",
      "resolved": "https://registry.npmjs.org/isobject/-/isobject-3.0.1.tgz",
      "integrity": "sha1-TkMekrEalzFjaqH5yNHMvP2reN8="
    },
    "isomorphic-fetch": {
      "version": "2.2.1",
      "resolved": "https://registry.npmjs.org/isomorphic-fetch/-/isomorphic-fetch-2.2.1.tgz",
      "integrity": "sha1-YRrhrPFPXoH3KVB0coGf6XM1WKk=",
      "requires": {
        "node-fetch": "^1.0.1",
        "whatwg-fetch": ">=0.10.0"
      }
    },
    "js-tokens": {
      "version": "4.0.0",
      "resolved": "https://registry.npmjs.org/js-tokens/-/js-tokens-4.0.0.tgz",
      "integrity": "sha512-RdJUflcE3cUzKiMqQgsCu06FPu9UdIJO0beYbPhHN4k6apgJtifcoCtT9bcxOpYBtpD2kCM6Sbzg4CausW/PKQ=="
    },
    "lodash": {
      "version": "4.17.21",
      "resolved": "https://registry.npmjs.org/lodash/-/lodash-4.17.21.tgz",
      "integrity": "sha512-v2kDEe57lecTulaDIuNTPy3Ry4gLGJ6Z1O3vE1krgXZNrsQ+LFTGHVxVjcXPs17LhbZVGedAJv8XZ1tvj5FvSg=="
    },
    "lodash.debounce": {
      "version": "4.0.8",
      "resolved": "https://registry.npmjs.org/lodash.debounce/-/lodash.debounce-4.0.8.tgz",
      "integrity": "sha1-gteb/zCmfEAF/9XiUVMArZyk168="
    },
    "loose-envify": {
      "version": "1.4.0",
      "resolved": "https://registry.npmjs.org/loose-envify/-/loose-envify-1.4.0.tgz",
      "integrity": "sha512-lyuxPGr/Wfhrlem2CL/UcnUc1zcqKAImBDzukY7Y5F/yQiNdko6+fRLevlw1HgMySw7f611UIY408EtxRSoK3Q==",
      "requires": {
        "js-tokens": "^3.0.0 || ^4.0.0"
      }
    },
    "node-fetch": {
      "version": "1.7.3",
      "resolved": "https://registry.npmjs.org/node-fetch/-/node-fetch-1.7.3.tgz",
      "integrity": "sha512-NhZ4CsKx7cYm2vSrBAr2PvFOe6sWDf0UYLRqA6svUYg7+/TSfVAu49jYC4BvQ4Sms9SZgdqGBgroqfDhJdTyKQ==",
      "requires": {
        "encoding": "^0.1.11",
        "is-stream": "^1.0.1"
      }
    },
    "object-assign": {
      "version": "4.1.1",
      "resolved": "https://registry.npmjs.org/object-assign/-/object-assign-4.1.1.tgz",
      "integrity": "sha1-IQmtx5ZYh8/AXLvUQsrIv7s2CGM="
    },
    "promise": {
      "version": "7.3.1",
      "resolved": "https://registry.npmjs.org/promise/-/promise-7.3.1.tgz",
      "integrity": "sha512-nolQXZ/4L+bP/UGlkfaIujX9BKxGwmQ9OT4mOt5yvy8iK1h3wqTEJCijzGANTCCl9nWjY41juyAn2K3Q1hLLTg==",
      "requires": {
        "asap": "~2.0.3"
      }
    },
    "prop-types": {
      "version": "15.5.8",
      "resolved": "https://registry.npmjs.org/prop-types/-/prop-types-15.5.8.tgz",
      "integrity": "sha1-a3suFBCDvjjIWVqlH8VXdccZk5Q=",
      "requires": {
        "fbjs": "^0.8.9"
      }
    },
    "recyclerlistview": {
      "version": "2.0.12",
      "resolved": "https://registry.npmjs.org/recyclerlistview/-/recyclerlistview-2.0.12.tgz",
      "integrity": "sha512-5krJqESA6Pf5RqeWiRL8DcoXjyHLdz5fw/B3WGe4er9hAOv5Oj6hb4RXcgLTDAeoUePuO2Dyd+MZ7n0KP9VnQQ==",
      "requires": {
        "lodash.debounce": "4.0.8",
        "prop-types": "15.5.8",
        "ts-object-utils": "0.0.5"
      }
    },
    "safer-buffer": {
      "version": "2.1.2",
      "resolved": "https://registry.npmjs.org/safer-buffer/-/safer-buffer-2.1.2.tgz",
      "integrity": "sha512-YZo3K82SD7Riyi0E1EQPojLz7kpepnSQI9IyPbHHg1XXXevb5dJI7tpyN2ADxGcQbHG7vcyRHk0cbwqcQriUtg=="
    },
    "setimmediate": {
      "version": "1.0.5",
      "resolved": "https://registry.npmjs.org/setimmediate/-/setimmediate-1.0.5.tgz",
      "integrity": "sha1-KQy7Iy4waULX1+qbg3Mqt4VvgoU="
    },
    "theming": {
      "version": "1.3.0",
      "resolved": "https://registry.npmjs.org/theming/-/theming-1.3.0.tgz",
      "integrity": "sha512-ya5Ef7XDGbTPBv5ENTwrwkPUexrlPeiAg/EI9kdlUAZhNlRbCdhMKRgjNX1IcmsmiPcqDQZE6BpSaH+cr31FKw==",
      "requires": {
        "brcast": "^3.0.1",
        "is-function": "^1.0.1",
        "is-plain-object": "^2.0.1",
        "prop-types": "^15.5.8"
      }
    },
    "tinymask": {
      "version": "1.0.2",
      "resolved": "https://registry.npmjs.org/tinymask/-/tinymask-1.0.2.tgz",
      "integrity": "sha1-3zd1qUCHsNPQVsJW6JI8AbfsCUE="
    },
    "ts-object-utils": {
      "version": "0.0.5",
      "resolved": "https://registry.npmjs.org/ts-object-utils/-/ts-object-utils-0.0.5.tgz",
      "integrity": "sha1-lTYc3s1+UhZ8/F5jTHY0XpCiYHc="
    },
    "ua-parser-js": {
      "version": "0.7.33",
      "resolved": "https://registry.npmjs.org/ua-parser-js/-/ua-parser-js-0.7.33.tgz",
      "integrity": "sha512-s8ax/CeZdK9R/56Sui0WM6y9OFREJarMRHqLB2EwkovemBxNQ+Bqu8GAsUnVcXKgphb++ghr/B2BZx4mahujPw=="
    },
    "whatwg-fetch": {
      "version": "3.6.2",
      "resolved": "https://registry.npmjs.org/whatwg-fetch/-/whatwg-fetch-3.6.2.tgz",
      "integrity": "sha512-bJlen0FcuU/0EMLrdbJ7zOnW6ITZLrZMIarMUVmdKtsGvZna8vxKYaexICWPfZ8qwf9fzNq+UEIZrnSaApt6RA=="
    }
  }
}
