PODS:
  - Backpack (6.3.0):
    - FSCalendar (~> 2.8)
  - boost-for-react-native (1.63.0)
  - BVLinearGradient (2.5.3):
    - React
  - DoubleConversion (1.1.6)
  - Folly (2018.10.22.00):
    - boost-for-react-native
    - DoubleConversion
    - glog
  - FSCalendar (2.8.0)
  - glog (0.3.5)
  - React (0.58.5):
    - React/Core (= 0.58.5)
  - react-native-bpk-component-calendar (0.2.6):
    - Backpack (~> 6.3.0)
    - React
  - react-native-maps (0.23.0):
    - React
  - React/Core (0.58.5):
    - yoga (= 0.58.5.React)
  - React/CxxBridge (0.58.5):
    - Folly (= 2018.10.22.00)
    - React/Core
    - React/cxxreact
    - React/jsiexecutor
  - React/cxxreact (0.58.5):
    - boost-for-react-native (= 1.63.0)
    - Folly (= 2018.10.22.00)
    - React/jsinspector
  - React/DevSupport (0.58.5):
    - React/Core
    - React/RCTWebSocket
  - React/fishhook (0.58.5)
  - React/jsi (0.58.5):
    - Folly (= 2018.10.22.00)
  - React/jsiexecutor (0.58.5):
    - Folly (= 2018.10.22.00)
    - React/cxxreact
    - React/jsi
  - React/jsinspector (0.58.5)
  - React/RCTAnimation (0.58.5):
    - React/Core
  - React/RCTBlob (0.58.5):
    - React/Core
  - React/RCTImage (0.58.5):
    - React/Core
    - React/RCTNetwork
  - React/RCTNetwork (0.58.5):
    - React/Core
  - React/RCTText (0.58.5):
    - React/Core
  - React/RCTWebSocket (0.58.5):
    - React/Core
    - React/fishhook
    - React/RCTBlob
  - yoga (0.58.5.React)

DEPENDENCIES:
  - Backpack (~> 6.3.0)
  - BVLinearGradient (from `../node_modules/react-native-linear-gradient`)
  - DoubleConversion (from `../node_modules/react-native/third-party-podspecs/DoubleConversion.podspec`)
  - Folly (from `../node_modules/react-native/third-party-podspecs/Folly.podspec`)
  - glog (from `../node_modules/react-native/third-party-podspecs/glog.podspec`)
  - react-native-bpk-component-calendar (from `../packages/react-native-bpk-component-calendar`)
  - react-native-maps (from `../packages/react-native-bpk-component-map/node_modules/react-native-maps`)
  - React/Core (from `../node_modules/react-native`)
  - React/CxxBridge (from `../node_modules/react-native`)
  - React/DevSupport (from `../node_modules/react-native`)
  - React/RCTAnimation (from `../node_modules/react-native`)
  - React/RCTImage (from `../node_modules/react-native`)
  - React/RCTNetwork (from `../node_modules/react-native`)
  - React/RCTText (from `../node_modules/react-native`)
  - React/RCTWebSocket (from `../node_modules/react-native`)
  - yoga (from `../node_modules/react-native/ReactCommon/yoga`)

SPEC REPOS:
  https://github.com/cocoapods/specs.git:
    - Backpack
    - boost-for-react-native
    - FSCalendar

EXTERNAL SOURCES:
  BVLinearGradient:
    :path: "../node_modules/react-native-linear-gradient"
  DoubleConversion:
    :podspec: "../node_modules/react-native/third-party-podspecs/DoubleConversion.podspec"
  Folly:
    :podspec: "../node_modules/react-native/third-party-podspecs/Folly.podspec"
  glog:
    :podspec: "../node_modules/react-native/third-party-podspecs/glog.podspec"
  React:
    :path: "../node_modules/react-native"
  react-native-bpk-component-calendar:
    :path: "../packages/react-native-bpk-component-calendar"
  react-native-maps:
    :path: "../packages/react-native-bpk-component-map/node_modules/react-native-maps"
  yoga:
    :path: "../node_modules/react-native/ReactCommon/yoga"

SPEC CHECKSUMS:
  Backpack: 6ec1bbe6b02798550ee219239d8b8d4b2b19b392
  boost-for-react-native: 39c7adb57c4e60d6c5479dd8623128eb5b3f0f2c
  BVLinearGradient: b0b70acf63ee888829b7c2ebbf6b50e227396e55
  DoubleConversion: bb338842f62ab1d708ceb63ec3d999f0f3d98ecd
  Folly: de497beb10f102453a1afa9edbf8cf8a251890de
  FSCalendar: 3a5ed3636e2ba1b83ebebfcf0c2603105a6f5efe
  glog: aefd1eb5dda2ab95ba0938556f34b98e2da3a60d
  React: 16c4fb7ce3fc30c041bce809ceae33bf57e7c142
  react-native-bpk-component-calendar: 9492c4df99ff0d4a22245ea65b25ac0c286929b8
  react-native-maps: 066c2afcc89e18726377bcc685315f989ca22449
  yoga: 0885622311729a02c2bc02dca97167787a51488b

PODFILE CHECKSUM: 1169f543a99bd602269c464bc58ab407c1afeaeb

COCOAPODS: 1.5.3
