PODS:
  - Backpack (40.0.2):
    - FloatingPanel (= 1.6.6)
    - FSCalendar (~> 2.8.2)
    - MBProgressHUD (~> 1.2.0)
    - TTTAttributedLabel (~> 2.0.0)
  - BackpackReactNative (13.0.0):
    - Backpack (~> 40.0)
    - React
    - react-native-maps
    - ReactNativeDarkMode
  - boost-for-react-native (1.63.0)
  - BVLinearGradient (2.5.6):
    - React
  - DoubleConversion (1.1.6)
  - FBLazyVector (0.64.0-rc.1)
  - FBReactNativeSpec (0.64.0-rc.1):
    - RCT-Folly (= 2020.01.13.00)
    - RCTRequired (= 0.64.0-rc.1)
    - RCTTypeSafety (= 0.64.0-rc.1)
    - React-Core (= 0.64.0-rc.1)
    - React-jsi (= 0.64.0-rc.1)
    - ReactCommon/turbomodule/core (= 0.64.0-rc.1)
  - FloatingPanel (1.6.6)
  - FSCalendar (2.8.2)
  - glog (0.3.5)
  - MBProgressHUD (1.2.0)
  - RCT-Folly (2020.01.13.00):
    - boost-for-react-native
    - DoubleConversion
    - glog
    - RCT-Folly/Default (= 2020.01.13.00)
  - RCT-Folly/Default (2020.01.13.00):
    - boost-for-react-native
    - DoubleConversion
    - glog
  - RCTRequired (0.64.0-rc.1)
  - RCTTypeSafety (0.64.0-rc.1):
    - FBLazyVector (= 0.64.0-rc.1)
    - RCT-Folly (= 2020.01.13.00)
    - RCTRequired (= 0.64.0-rc.1)
    - React-Core (= 0.64.0-rc.1)
  - React (0.64.0-rc.1):
    - React-Core (= 0.64.0-rc.1)
    - React-Core/DevSupport (= 0.64.0-rc.1)
    - React-Core/RCTWebSocket (= 0.64.0-rc.1)
    - React-RCTActionSheet (= 0.64.0-rc.1)
    - React-RCTAnimation (= 0.64.0-rc.1)
    - React-RCTBlob (= 0.64.0-rc.1)
    - React-RCTImage (= 0.64.0-rc.1)
    - React-RCTLinking (= 0.64.0-rc.1)
    - React-RCTNetwork (= 0.64.0-rc.1)
    - React-RCTSettings (= 0.64.0-rc.1)
    - React-RCTText (= 0.64.0-rc.1)
    - React-RCTVibration (= 0.64.0-rc.1)
  - React-callinvoker (0.64.0-rc.1)
  - React-Core (0.64.0-rc.1):
    - glog
    - RCT-Folly (= 2020.01.13.00)
    - React-Core/Default (= 0.64.0-rc.1)
    - React-cxxreact (= 0.64.0-rc.1)
    - React-jsi (= 0.64.0-rc.1)
    - React-jsiexecutor (= 0.64.0-rc.1)
    - React-perflogger (= 0.64.0-rc.1)
    - Yoga
  - React-Core/CoreModulesHeaders (0.64.0-rc.1):
    - glog
    - RCT-Folly (= 2020.01.13.00)
    - React-Core/Default
    - React-cxxreact (= 0.64.0-rc.1)
    - React-jsi (= 0.64.0-rc.1)
    - React-jsiexecutor (= 0.64.0-rc.1)
    - React-perflogger (= 0.64.0-rc.1)
    - Yoga
  - React-Core/Default (0.64.0-rc.1):
    - glog
    - RCT-Folly (= 2020.01.13.00)
    - React-cxxreact (= 0.64.0-rc.1)
    - React-jsi (= 0.64.0-rc.1)
    - React-jsiexecutor (= 0.64.0-rc.1)
    - React-perflogger (= 0.64.0-rc.1)
    - Yoga
  - React-Core/DevSupport (0.64.0-rc.1):
    - glog
    - RCT-Folly (= 2020.01.13.00)
    - React-Core/Default (= 0.64.0-rc.1)
    - React-Core/RCTWebSocket (= 0.64.0-rc.1)
    - React-cxxreact (= 0.64.0-rc.1)
    - React-jsi (= 0.64.0-rc.1)
    - React-jsiexecutor (= 0.64.0-rc.1)
    - React-jsinspector (= 0.64.0-rc.1)
    - React-perflogger (= 0.64.0-rc.1)
    - Yoga
  - React-Core/RCTActionSheetHeaders (0.64.0-rc.1):
    - glog
    - RCT-Folly (= 2020.01.13.00)
    - React-Core/Default
    - React-cxxreact (= 0.64.0-rc.1)
    - React-jsi (= 0.64.0-rc.1)
    - React-jsiexecutor (= 0.64.0-rc.1)
    - React-perflogger (= 0.64.0-rc.1)
    - Yoga
  - React-Core/RCTAnimationHeaders (0.64.0-rc.1):
    - glog
    - RCT-Folly (= 2020.01.13.00)
    - React-Core/Default
    - React-cxxreact (= 0.64.0-rc.1)
    - React-jsi (= 0.64.0-rc.1)
    - React-jsiexecutor (= 0.64.0-rc.1)
    - React-perflogger (= 0.64.0-rc.1)
    - Yoga
  - React-Core/RCTBlobHeaders (0.64.0-rc.1):
    - glog
    - RCT-Folly (= 2020.01.13.00)
    - React-Core/Default
    - React-cxxreact (= 0.64.0-rc.1)
    - React-jsi (= 0.64.0-rc.1)
    - React-jsiexecutor (= 0.64.0-rc.1)
    - React-perflogger (= 0.64.0-rc.1)
    - Yoga
  - React-Core/RCTImageHeaders (0.64.0-rc.1):
    - glog
    - RCT-Folly (= 2020.01.13.00)
    - React-Core/Default
    - React-cxxreact (= 0.64.0-rc.1)
    - React-jsi (= 0.64.0-rc.1)
    - React-jsiexecutor (= 0.64.0-rc.1)
    - React-perflogger (= 0.64.0-rc.1)
    - Yoga
  - React-Core/RCTLinkingHeaders (0.64.0-rc.1):
    - glog
    - RCT-Folly (= 2020.01.13.00)
    - React-Core/Default
    - React-cxxreact (= 0.64.0-rc.1)
    - React-jsi (= 0.64.0-rc.1)
    - React-jsiexecutor (= 0.64.0-rc.1)
    - React-perflogger (= 0.64.0-rc.1)
    - Yoga
  - React-Core/RCTNetworkHeaders (0.64.0-rc.1):
    - glog
    - RCT-Folly (= 2020.01.13.00)
    - React-Core/Default
    - React-cxxreact (= 0.64.0-rc.1)
    - React-jsi (= 0.64.0-rc.1)
    - React-jsiexecutor (= 0.64.0-rc.1)
    - React-perflogger (= 0.64.0-rc.1)
    - Yoga
  - React-Core/RCTSettingsHeaders (0.64.0-rc.1):
    - glog
    - RCT-Folly (= 2020.01.13.00)
    - React-Core/Default
    - React-cxxreact (= 0.64.0-rc.1)
    - React-jsi (= 0.64.0-rc.1)
    - React-jsiexecutor (= 0.64.0-rc.1)
    - React-perflogger (= 0.64.0-rc.1)
    - Yoga
  - React-Core/RCTTextHeaders (0.64.0-rc.1):
    - glog
    - RCT-Folly (= 2020.01.13.00)
    - React-Core/Default
    - React-cxxreact (= 0.64.0-rc.1)
    - React-jsi (= 0.64.0-rc.1)
    - React-jsiexecutor (= 0.64.0-rc.1)
    - React-perflogger (= 0.64.0-rc.1)
    - Yoga
  - React-Core/RCTVibrationHeaders (0.64.0-rc.1):
    - glog
    - RCT-Folly (= 2020.01.13.00)
    - React-Core/Default
    - React-cxxreact (= 0.64.0-rc.1)
    - React-jsi (= 0.64.0-rc.1)
    - React-jsiexecutor (= 0.64.0-rc.1)
    - React-perflogger (= 0.64.0-rc.1)
    - Yoga
  - React-Core/RCTWebSocket (0.64.0-rc.1):
    - glog
    - RCT-Folly (= 2020.01.13.00)
    - React-Core/Default (= 0.64.0-rc.1)
    - React-cxxreact (= 0.64.0-rc.1)
    - React-jsi (= 0.64.0-rc.1)
    - React-jsiexecutor (= 0.64.0-rc.1)
    - React-perflogger (= 0.64.0-rc.1)
    - Yoga
  - React-CoreModules (0.64.0-rc.1):
    - FBReactNativeSpec (= 0.64.0-rc.1)
    - RCT-Folly (= 2020.01.13.00)
    - RCTTypeSafety (= 0.64.0-rc.1)
    - React-Core/CoreModulesHeaders (= 0.64.0-rc.1)
    - React-jsi (= 0.64.0-rc.1)
    - React-RCTImage (= 0.64.0-rc.1)
    - ReactCommon/turbomodule/core (= 0.64.0-rc.1)
  - React-cxxreact (0.64.0-rc.1):
    - boost-for-react-native (= 1.63.0)
    - DoubleConversion
    - glog
    - RCT-Folly (= 2020.01.13.00)
    - React-callinvoker (= 0.64.0-rc.1)
    - React-jsi (= 0.64.0-rc.1)
    - React-jsinspector (= 0.64.0-rc.1)
    - React-perflogger (= 0.64.0-rc.1)
    - React-runtimeexecutor (= 0.64.0-rc.1)
  - React-jsi (0.64.0-rc.1):
    - boost-for-react-native (= 1.63.0)
    - DoubleConversion
    - glog
    - RCT-Folly (= 2020.01.13.00)
    - React-jsi/Default (= 0.64.0-rc.1)
  - React-jsi/Default (0.64.0-rc.1):
    - boost-for-react-native (= 1.63.0)
    - DoubleConversion
    - glog
    - RCT-Folly (= 2020.01.13.00)
  - React-jsiexecutor (0.64.0-rc.1):
    - DoubleConversion
    - glog
    - RCT-Folly (= 2020.01.13.00)
    - React-cxxreact (= 0.64.0-rc.1)
    - React-jsi (= 0.64.0-rc.1)
    - React-perflogger (= 0.64.0-rc.1)
  - React-jsinspector (0.64.0-rc.1)
  - react-native-maps (0.27.1):
    - React
  - React-perflogger (0.64.0-rc.1)
  - React-RCTActionSheet (0.64.0-rc.1):
    - React-Core/RCTActionSheetHeaders (= 0.64.0-rc.1)
  - React-RCTAnimation (0.64.0-rc.1):
    - FBReactNativeSpec (= 0.64.0-rc.1)
    - RCT-Folly (= 2020.01.13.00)
    - RCTTypeSafety (= 0.64.0-rc.1)
    - React-Core/RCTAnimationHeaders (= 0.64.0-rc.1)
    - React-jsi (= 0.64.0-rc.1)
    - ReactCommon/turbomodule/core (= 0.64.0-rc.1)
  - React-RCTBlob (0.64.0-rc.1):
    - FBReactNativeSpec (= 0.64.0-rc.1)
    - RCT-Folly (= 2020.01.13.00)
    - React-Core/RCTBlobHeaders (= 0.64.0-rc.1)
    - React-Core/RCTWebSocket (= 0.64.0-rc.1)
    - React-jsi (= 0.64.0-rc.1)
    - React-RCTNetwork (= 0.64.0-rc.1)
    - ReactCommon/turbomodule/core (= 0.64.0-rc.1)
  - React-RCTImage (0.64.0-rc.1):
    - FBReactNativeSpec (= 0.64.0-rc.1)
    - RCT-Folly (= 2020.01.13.00)
    - RCTTypeSafety (= 0.64.0-rc.1)
    - React-Core/RCTImageHeaders (= 0.64.0-rc.1)
    - React-jsi (= 0.64.0-rc.1)
    - React-RCTNetwork (= 0.64.0-rc.1)
    - ReactCommon/turbomodule/core (= 0.64.0-rc.1)
  - React-RCTLinking (0.64.0-rc.1):
    - FBReactNativeSpec (= 0.64.0-rc.1)
    - React-Core/RCTLinkingHeaders (= 0.64.0-rc.1)
    - React-jsi (= 0.64.0-rc.1)
    - ReactCommon/turbomodule/core (= 0.64.0-rc.1)
  - React-RCTNetwork (0.64.0-rc.1):
    - FBReactNativeSpec (= 0.64.0-rc.1)
    - RCT-Folly (= 2020.01.13.00)
    - RCTTypeSafety (= 0.64.0-rc.1)
    - React-Core/RCTNetworkHeaders (= 0.64.0-rc.1)
    - React-jsi (= 0.64.0-rc.1)
    - ReactCommon/turbomodule/core (= 0.64.0-rc.1)
  - React-RCTSettings (0.64.0-rc.1):
    - FBReactNativeSpec (= 0.64.0-rc.1)
    - RCT-Folly (= 2020.01.13.00)
    - RCTTypeSafety (= 0.64.0-rc.1)
    - React-Core/RCTSettingsHeaders (= 0.64.0-rc.1)
    - React-jsi (= 0.64.0-rc.1)
    - ReactCommon/turbomodule/core (= 0.64.0-rc.1)
  - React-RCTText (0.64.0-rc.1):
    - React-Core/RCTTextHeaders (= 0.64.0-rc.1)
  - React-RCTVibration (0.64.0-rc.1):
    - FBReactNativeSpec (= 0.64.0-rc.1)
    - RCT-Folly (= 2020.01.13.00)
    - React-Core/RCTVibrationHeaders (= 0.64.0-rc.1)
    - React-jsi (= 0.64.0-rc.1)
    - ReactCommon/turbomodule/core (= 0.64.0-rc.1)
  - React-runtimeexecutor (0.64.0-rc.1):
    - React-jsi (= 0.64.0-rc.1)
  - ReactCommon/turbomodule/core (0.64.0-rc.1):
    - DoubleConversion
    - glog
    - RCT-Folly (= 2020.01.13.00)
    - React-callinvoker (= 0.64.0-rc.1)
    - React-Core (= 0.64.0-rc.1)
    - React-cxxreact (= 0.64.0-rc.1)
    - React-jsi (= 0.64.0-rc.1)
    - React-perflogger (= 0.64.0-rc.1)
  - ReactNativeDarkMode (0.2.2):
    - React
  - TTTAttributedLabel (2.0.0)
  - Yoga (1.14.0)

DEPENDENCIES:
  - Backpack (~> 40.0)
  - BackpackReactNative (from `../node_modules/backpack-react-native/ios/BackpackReactNative`)
  - BVLinearGradient (from `../node_modules/react-native-linear-gradient`)
  - DoubleConversion (from `../node_modules/react-native/third-party-podspecs/DoubleConversion.podspec`)
  - FBLazyVector (from `../node_modules/react-native/Libraries/FBLazyVector`)
  - FBReactNativeSpec (from `../node_modules/react-native/Libraries/FBReactNativeSpec`)
  - glog (from `../node_modules/react-native/third-party-podspecs/glog.podspec`)
  - RCT-Folly (from `../node_modules/react-native/third-party-podspecs/RCT-Folly.podspec`)
  - RCTRequired (from `../node_modules/react-native/Libraries/RCTRequired`)
  - RCTTypeSafety (from `../node_modules/react-native/Libraries/TypeSafety`)
  - React (from `../node_modules/react-native/`)
  - React-callinvoker (from `../node_modules/react-native/ReactCommon/callinvoker`)
  - React-Core (from `../node_modules/react-native/`)
  - React-Core/DevSupport (from `../node_modules/react-native/`)
  - React-Core/RCTWebSocket (from `../node_modules/react-native/`)
  - React-CoreModules (from `../node_modules/react-native/React/CoreModules`)
  - React-cxxreact (from `../node_modules/react-native/ReactCommon/cxxreact`)
  - React-jsi (from `../node_modules/react-native/ReactCommon/jsi`)
  - React-jsiexecutor (from `../node_modules/react-native/ReactCommon/jsiexecutor`)
  - React-jsinspector (from `../node_modules/react-native/ReactCommon/jsinspector`)
  - react-native-maps (from `../node_modules/react-native-maps`)
  - React-perflogger (from `../node_modules/react-native/ReactCommon/reactperflogger`)
  - React-RCTActionSheet (from `../node_modules/react-native/Libraries/ActionSheetIOS`)
  - React-RCTAnimation (from `../node_modules/react-native/Libraries/NativeAnimation`)
  - React-RCTBlob (from `../node_modules/react-native/Libraries/Blob`)
  - React-RCTImage (from `../node_modules/react-native/Libraries/Image`)
  - React-RCTLinking (from `../node_modules/react-native/Libraries/LinkingIOS`)
  - React-RCTNetwork (from `../node_modules/react-native/Libraries/Network`)
  - React-RCTSettings (from `../node_modules/react-native/Libraries/Settings`)
  - React-RCTText (from `../node_modules/react-native/Libraries/Text`)
  - React-RCTVibration (from `../node_modules/react-native/Libraries/Vibration`)
  - React-runtimeexecutor (from `../node_modules/react-native/ReactCommon/runtimeexecutor`)
  - ReactCommon/turbomodule/core (from `../node_modules/react-native/ReactCommon`)
  - ReactNativeDarkMode (from `../node_modules/react-native-dark-mode`)
  - Yoga (from `../node_modules/react-native/ReactCommon/yoga`)

SPEC REPOS:
  trunk:
    - Backpack
    - boost-for-react-native
    - FloatingPanel
    - FSCalendar
    - MBProgressHUD
    - TTTAttributedLabel

EXTERNAL SOURCES:
  BackpackReactNative:
    :path: "../node_modules/backpack-react-native/ios/BackpackReactNative"
  BVLinearGradient:
    :path: "../node_modules/react-native-linear-gradient"
  DoubleConversion:
    :podspec: "../node_modules/react-native/third-party-podspecs/DoubleConversion.podspec"
  FBLazyVector:
    :path: "../node_modules/react-native/Libraries/FBLazyVector"
  FBReactNativeSpec:
    :path: "../node_modules/react-native/Libraries/FBReactNativeSpec"
  glog:
    :podspec: "../node_modules/react-native/third-party-podspecs/glog.podspec"
  RCT-Folly:
    :podspec: "../node_modules/react-native/third-party-podspecs/RCT-Folly.podspec"
  RCTRequired:
    :path: "../node_modules/react-native/Libraries/RCTRequired"
  RCTTypeSafety:
    :path: "../node_modules/react-native/Libraries/TypeSafety"
  React:
    :path: "../node_modules/react-native/"
  React-callinvoker:
    :path: "../node_modules/react-native/ReactCommon/callinvoker"
  React-Core:
    :path: "../node_modules/react-native/"
  React-CoreModules:
    :path: "../node_modules/react-native/React/CoreModules"
  React-cxxreact:
    :path: "../node_modules/react-native/ReactCommon/cxxreact"
  React-jsi:
    :path: "../node_modules/react-native/ReactCommon/jsi"
  React-jsiexecutor:
    :path: "../node_modules/react-native/ReactCommon/jsiexecutor"
  React-jsinspector:
    :path: "../node_modules/react-native/ReactCommon/jsinspector"
  react-native-maps:
    :path: "../node_modules/react-native-maps"
  React-perflogger:
    :path: "../node_modules/react-native/ReactCommon/reactperflogger"
  React-RCTActionSheet:
    :path: "../node_modules/react-native/Libraries/ActionSheetIOS"
  React-RCTAnimation:
    :path: "../node_modules/react-native/Libraries/NativeAnimation"
  React-RCTBlob:
    :path: "../node_modules/react-native/Libraries/Blob"
  React-RCTImage:
    :path: "../node_modules/react-native/Libraries/Image"
  React-RCTLinking:
    :path: "../node_modules/react-native/Libraries/LinkingIOS"
  React-RCTNetwork:
    :path: "../node_modules/react-native/Libraries/Network"
  React-RCTSettings:
    :path: "../node_modules/react-native/Libraries/Settings"
  React-RCTText:
    :path: "../node_modules/react-native/Libraries/Text"
  React-RCTVibration:
    :path: "../node_modules/react-native/Libraries/Vibration"
  React-runtimeexecutor:
    :path: "../node_modules/react-native/ReactCommon/runtimeexecutor"
  ReactCommon:
    :path: "../node_modules/react-native/ReactCommon"
  ReactNativeDarkMode:
    :path: "../node_modules/react-native-dark-mode"
  Yoga:
    :path: "../node_modules/react-native/ReactCommon/yoga"

SPEC CHECKSUMS:
  Backpack: dd516d375b5511dfdc24b6ae8fc793a24e4b9787
  BackpackReactNative: 608df601342aaec26298601be5f60320058c743b
  boost-for-react-native: 39c7adb57c4e60d6c5479dd8623128eb5b3f0f2c
  BVLinearGradient: e3aad03778a456d77928f594a649e96995f1c872
  DoubleConversion: cf9b38bf0b2d048436d9a82ad2abe1404f11e7de
  FBLazyVector: dea0d0bf0fad2f4cce63379ab3f243065129be32
  FBReactNativeSpec: c54fac0e2bf879414bf8986eb439dd4153b4d265
  FloatingPanel: 5fe605e073e60395bc4bb416fd513d0fa38a6558
  FSCalendar: e6a2eb9c571bf0719ed797ef807e08426753c241
  glog: 73c2498ac6884b13ede40eda8228cb1eee9d9d62
  MBProgressHUD: 3ee5efcc380f6a79a7cc9b363dd669c5e1ae7406
  RCT-Folly: ec7a233ccc97cc556cf7237f0db1ff65b986f27c
  RCTRequired: b48138b667a2c952e37b2ed3eba50f502eb87449
  RCTTypeSafety: 95236f7b5f99a59a1f5629298f1ca6ccafbda1c3
  React: 00a1616389aad582705489b6d58e3c489ee7fed2
  React-callinvoker: 9f403be2c24f42016b08087aa543055c0620c244
  React-Core: c20b1365c609f9be377c8e81579e495d7a118fce
  React-CoreModules: 86d4fa430ab5c3b0cba9a921e4a6795af454f9f8
  React-cxxreact: 4bfc47bdae80a025b844a6db53186f100b62f292
  React-jsi: 2b2fa475a8b243212d411a607ae7e231ff3493b2
  React-jsiexecutor: 27558a1d43688cbb87b102cc9bef801408bbeacf
  React-jsinspector: c684d092816c36462779e0bb99837e60702c8f29
  react-native-maps: f4b89da81626ad7f151a8bfcb79733295d31ce5c
  React-perflogger: 41e0d328e8391f9b2b28e6350faae81e9e771fec
  React-RCTActionSheet: 4c25582e72270b69b02a00a7ed2dc71ec0d1b277
  React-RCTAnimation: c469ce4555fec8723975d13b5eb022736dba9eba
  React-RCTBlob: dcb455f2e12a92be796e4b6d949a12a1b0f79a0c
  React-RCTImage: c3297f9aabcdfd7b35043478e60c7768dfb30b4d
  React-RCTLinking: fdf659b888c27e652a9869475cc571bd43c84830
  React-RCTNetwork: 0c406dda65b490a2157246e6d7585896b731172b
  React-RCTSettings: 6fc31f8ca1331487932f3f9b47c0af824f976bb9
  React-RCTText: e8be3fd66fe6139d84b974f61ff864c0cd8f5167
  React-RCTVibration: 728e8721aad96edd9d482592486487b28d1fe459
  React-runtimeexecutor: c1d82f62a713f63ffcf56ee3585f7d5f595ef2f2
  ReactCommon: c566ffa464341e6acf380460fc71e624c2a18405
  ReactNativeDarkMode: 0178ffca3b10f6a7c9f49d6f9810232b328fa949
  TTTAttributedLabel: 8cffe8e127e4e82ff3af1e5386d4cd0ad000b656
  Yoga: 570bb56834ce4876e4abc24d0dfe1cf3e0c76d33

PODFILE CHECKSUM: 5060d1b7c0ccc5bb506bbdc28b663bca0c2b3bf8

COCOAPODS: 1.8.4
