{
	"name": "react-native-bpk-component-carousel",
	"version": "2.0.33",
	"lockfileVersion": 1,
	"requires": true,
	"dependencies": {
		"@skyscanner/react-native-transitiongroup": {
			"version": "1.1.3",
			"resolved": "https://registry.npmjs.org/@skyscanner/react-native-transitiongroup/-/react-native-transitiongroup-1.1.3.tgz",
			"integrity": "sha512-Rb7ufpeeZtiOnqnlKnB9Vnk105d1Jg6B2Z9wAb/+PrGd3vx7HzlmyHhs6+4eHL+vhsk07dS4EWt/cbc3RN5VGQ==",
			"requires": {
				"prop-types": "^15.6.0"
			}
		},
		"asap": {
			"version": "2.0.6",
			"resolved": "https://registry.npmjs.org/asap/-/asap-2.0.6.tgz",
			"integrity": "sha1-5QNHYR1+aQlDIIu9r+vLwvuGbUY="
		},
		"bpk-tokens": {
			"version": "32.0.0",
			"resolved": "https://registry.npmjs.org/bpk-tokens/-/bpk-tokens-32.0.0.tgz",
			"integrity": "sha512-pOMc7KA+kDWWOlZbOqHIVGfaT0OMRafJKt2u3OyvtHfJ56nc/ZsAS4wLwTnsvdeeoChqa8Vwe8hrR76E4Al6Gw==",
			"requires": {
				"color": "^3.0.0"
			}
		},
		"brcast": {
			"version": "3.0.1",
			"resolved": "https://registry.npmjs.org/brcast/-/brcast-3.0.1.tgz",
			"integrity": "sha512-eI3yqf9YEqyGl9PCNTR46MGvDylGtaHjalcz6Q3fAPnP/PhpKkkve52vFdfGpwp4VUvK6LUr4TQN+2stCrEwTg==",
			"dev": true
		},
		"color": {
			"version": "3.1.2",
			"resolved": "https://registry.npmjs.org/color/-/color-3.1.2.tgz",
			"integrity": "sha512-vXTJhHebByxZn3lDvDJYw4lR5+uB3vuoHsuYA5AKuxRVn5wzzIfQKGLBmgdVRHKTJYeK5rvJcHnrd0Li49CFpg==",
			"requires": {
				"color-convert": "^1.9.1",
				"color-string": "^1.5.2"
			}
		},
		"color-convert": {
			"version": "1.9.3",
			"resolved": "https://registry.npmjs.org/color-convert/-/color-convert-1.9.3.tgz",
			"integrity": "sha512-QfAUtd+vFdAtFQcC8CCyYt1fYWxSqAiK2cSD6zDB8N3cpsEBAvRxp9zOGg6G/SHHJYAT88/az/IuDGALsNVbGg==",
			"requires": {
				"color-name": "1.1.3"
			}
		},
		"color-name": {
			"version": "1.1.3",
			"resolved": "https://registry.npmjs.org/color-name/-/color-name-1.1.3.tgz",
			"integrity": "sha1-p9BVi9icQveV3UIyj3QIMcpTvCU="
		},
		"color-string": {
			"version": "1.5.3",
			"resolved": "https://registry.npmjs.org/color-string/-/color-string-1.5.3.tgz",
			"integrity": "sha512-dC2C5qeWoYkxki5UAXapdjqO672AM4vZuPGRQfO8b5HKuKGBbKWpITyDYN7TOFKvRW7kOgAn3746clDBMDJyQw==",
			"requires": {
				"color-name": "^1.0.0",
				"simple-swizzle": "^0.2.2"
			}
		},
		"core-js": {
			"version": "1.2.7",
			"resolved": "https://registry.npmjs.org/core-js/-/core-js-1.2.7.tgz",
			"integrity": "sha1-ZSKUwUZR2yj6k70tX/KYOk8IxjY="
		},
		"encoding": {
			"version": "0.1.12",
			"resolved": "https://registry.npmjs.org/encoding/-/encoding-0.1.12.tgz",
			"integrity": "sha1-U4tm8+5izRq1HsMjgp0flIDHS+s=",
			"requires": {
				"iconv-lite": "~0.4.13"
			}
		},
		"fbjs": {
			"version": "0.8.17",
			"resolved": "https://registry.npmjs.org/fbjs/-/fbjs-0.8.17.tgz",
			"integrity": "sha1-xNWY6taUkRJlPWWIsBpc3Nn5D90=",
			"requires": {
				"core-js": "^1.0.0",
				"isomorphic-fetch": "^2.1.1",
				"loose-envify": "^1.0.0",
				"object-assign": "^4.1.0",
				"promise": "^7.1.1",
				"setimmediate": "^1.0.5",
				"ua-parser-js": "^0.7.18"
			}
		},
		"iconv-lite": {
			"version": "0.4.24",
			"resolved": "https://registry.npmjs.org/iconv-lite/-/iconv-lite-0.4.24.tgz",
			"integrity": "sha512-v3MXnZAcvnywkTUEZomIActle7RXXeedOR31wwl7VlyoXO4Qi9arvSenNQWne1TcRwhCL1HwLI21bEqdpj8/rA==",
			"requires": {
				"safer-buffer": ">= 2.1.2 < 3"
			}
		},
		"is-arrayish": {
			"version": "0.3.2",
			"resolved": "https://registry.npmjs.org/is-arrayish/-/is-arrayish-0.3.2.tgz",
			"integrity": "sha512-eVRqCvVlZbuw3GrM63ovNSNAeA1K16kaR/LRY/92w0zxQ5/1YzwblUX652i4Xs9RwAGjW9d9y6X88t8OaAJfWQ=="
		},
		"is-function": {
			"version": "1.0.1",
			"resolved": "https://registry.npmjs.org/is-function/-/is-function-1.0.1.tgz",
			"integrity": "sha1-Es+5i2W1fdPRk6MSH19uL0N2ArU=",
			"dev": true
		},
		"is-plain-object": {
			"version": "2.0.4",
			"resolved": "https://registry.npmjs.org/is-plain-object/-/is-plain-object-2.0.4.tgz",
			"integrity": "sha512-h5PpgXkWitc38BBMYawTYMWJHFZJVnBquFE57xFpjB8pJFiF6gZ+bU+WyI/yqXiFR5mdLsgYNaPe8uao6Uv9Og==",
			"dev": true,
			"requires": {
				"isobject": "^3.0.1"
			}
		},
		"is-stream": {
			"version": "1.1.0",
			"resolved": "https://registry.npmjs.org/is-stream/-/is-stream-1.1.0.tgz",
			"integrity": "sha1-EtSj3U5o4Lec6428hBc66A2RykQ="
		},
		"isobject": {
			"version": "3.0.1",
			"resolved": "https://registry.npmjs.org/isobject/-/isobject-3.0.1.tgz",
			"integrity": "sha1-TkMekrEalzFjaqH5yNHMvP2reN8=",
			"dev": true
		},
		"isomorphic-fetch": {
			"version": "2.2.1",
			"resolved": "https://registry.npmjs.org/isomorphic-fetch/-/isomorphic-fetch-2.2.1.tgz",
			"integrity": "sha1-YRrhrPFPXoH3KVB0coGf6XM1WKk=",
			"requires": {
				"node-fetch": "^1.0.1",
				"whatwg-fetch": ">=0.10.0"
			}
		},
		"js-tokens": {
			"version": "4.0.0",
			"resolved": "https://registry.npmjs.org/js-tokens/-/js-tokens-4.0.0.tgz",
			"integrity": "sha512-RdJUflcE3cUzKiMqQgsCu06FPu9UdIJO0beYbPhHN4k6apgJtifcoCtT9bcxOpYBtpD2kCM6Sbzg4CausW/PKQ=="
		},
		"lodash": {
			"version": "4.17.15",
			"resolved": "https://registry.npmjs.org/lodash/-/lodash-4.17.15.tgz",
			"integrity": "sha512-8xOcRHvCjnocdS5cpwXQXVzmmh5e5+saE2QGoeQmbKmRS6J3VQppPOIt0MnmE+4xlZoumy0GPG0D0MVIQbNA1A==",
			"dev": true
		},
		"lodash.debounce": {
			"version": "4.0.8",
			"resolved": "https://registry.npmjs.org/lodash.debounce/-/lodash.debounce-4.0.8.tgz",
			"integrity": "sha1-gteb/zCmfEAF/9XiUVMArZyk168="
		},
		"loose-envify": {
			"version": "1.4.0",
			"resolved": "https://registry.npmjs.org/loose-envify/-/loose-envify-1.4.0.tgz",
			"integrity": "sha512-lyuxPGr/Wfhrlem2CL/UcnUc1zcqKAImBDzukY7Y5F/yQiNdko6+fRLevlw1HgMySw7f611UIY408EtxRSoK3Q==",
			"requires": {
				"js-tokens": "^3.0.0 || ^4.0.0"
			}
		},
		"node-fetch": {
			"version": "1.7.3",
			"resolved": "https://registry.npmjs.org/node-fetch/-/node-fetch-1.7.3.tgz",
			"integrity": "sha512-NhZ4CsKx7cYm2vSrBAr2PvFOe6sWDf0UYLRqA6svUYg7+/TSfVAu49jYC4BvQ4Sms9SZgdqGBgroqfDhJdTyKQ==",
			"requires": {
				"encoding": "^0.1.11",
				"is-stream": "^1.0.1"
			}
		},
		"object-assign": {
			"version": "4.1.1",
			"resolved": "https://registry.npmjs.org/object-assign/-/object-assign-4.1.1.tgz",
			"integrity": "sha1-IQmtx5ZYh8/AXLvUQsrIv7s2CGM="
		},
		"promise": {
			"version": "7.3.1",
			"resolved": "https://registry.npmjs.org/promise/-/promise-7.3.1.tgz",
			"integrity": "sha512-nolQXZ/4L+bP/UGlkfaIujX9BKxGwmQ9OT4mOt5yvy8iK1h3wqTEJCijzGANTCCl9nWjY41juyAn2K3Q1hLLTg==",
			"requires": {
				"asap": "~2.0.3"
			}
		},
		"prop-types": {
			"version": "15.6.2",
			"resolved": "https://registry.npmjs.org/prop-types/-/prop-types-15.6.2.tgz",
			"integrity": "sha512-3pboPvLiWD7dkI3qf3KbUe6hKFKa52w+AE0VCqECtf+QHAKgOL37tTaNCnuX1nAAQ4ZhyP+kYVKf8rLmJ/feDQ==",
			"requires": {
				"loose-envify": "^1.3.1",
				"object-assign": "^4.1.1"
			}
		},
		"react-native-bpk-component-carousel-indicator": {
			"version": "2.0.32",
			"resolved": "https://registry.npmjs.org/react-native-bpk-component-carousel-indicator/-/react-native-bpk-component-carousel-indicator-2.0.32.tgz",
			"integrity": "sha512-+87BC+pqvVZsiCxxEbCPB5OyYs33cbBI65+PeYfc5iCiypXxbl6Iv9PgYYcgGyfAlTncENZ6MoJLZDCIqvQ7nw==",
			"requires": {
				"@skyscanner/react-native-transitiongroup": "^1.1.3",
				"bpk-tokens": "^32.0.0",
				"prop-types": "^15.5.8"
			}
		},
		"react-native-bpk-component-image": {
			"version": "2.1.12",
			"resolved": "https://registry.npmjs.org/react-native-bpk-component-image/-/react-native-bpk-component-image-2.1.12.tgz",
			"integrity": "sha512-JqcgCGo+0RvlmlaxcL5sDwItRNStyuMZdjnl97gbx81xVD+RUniQ1uFW5z2u70YyDAHf5v8fKyJWdaso8pYFwA==",
			"dev": true,
			"requires": {
				"bpk-tokens": "^32.0.0",
				"prop-types": "^15.5.8",
				"react-native-bpk-component-spinner": "^2.1.10"
			}
		},
		"react-native-bpk-component-spinner": {
			"version": "2.1.10",
			"resolved": "https://registry.npmjs.org/react-native-bpk-component-spinner/-/react-native-bpk-component-spinner-2.1.10.tgz",
			"integrity": "sha512-/6E7RcQsHyD/NMAwHU6x2ICl93D/zDhBVFNdag12iAR8UEci85A0dQbhZkcOG8VfYbUCB82kmLXBocRQpcMglQ==",
			"dev": true,
			"requires": {
				"bpk-tokens": "^32.0.0",
				"prop-types": "^15.5.8",
				"react-native-bpk-theming": "^1.4.15"
			}
		},
		"react-native-bpk-component-text": {
			"version": "4.2.12",
			"resolved": "https://registry.npmjs.org/react-native-bpk-component-text/-/react-native-bpk-component-text-4.2.12.tgz",
			"integrity": "sha512-8FkcJgqAFW/WbN7oM9wW984PZkcihxAUCs9TWMV10ncVlveYtBKsh6UGuFc6Kymd3SeeU7Hr+xdsUHZEKFdZ7Q==",
			"dev": true,
			"requires": {
				"bpk-tokens": "^32.0.0",
				"prop-types": "^15.5.8",
				"react-native-bpk-theming": "^1.4.15"
			}
		},
		"react-native-bpk-theming": {
			"version": "1.4.15",
			"resolved": "https://registry.npmjs.org/react-native-bpk-theming/-/react-native-bpk-theming-1.4.15.tgz",
			"integrity": "sha512-RZ1Yd4RF+CCI5ZcinjL2buqQohoryGrmoaWpaieH2BIMP8B/fxXfb/LC6RDy3MdqxxCrMeUPiWusPPIR1mPRRA==",
			"dev": true,
			"requires": {
				"lodash": "^4.17.4",
				"theming": "^1.1.0"
			}
		},
		"recyclerlistview": {
			"version": "3.0.0",
			"resolved": "https://registry.npmjs.org/recyclerlistview/-/recyclerlistview-3.0.0.tgz",
			"integrity": "sha512-t9AiPgwGkCwhCXJhrRj7UhEJ0kpiOkc4g89txurZs2crACg8zVStRRYk6tehECz2NQvmM9Gmp+apGBqie33++Q==",
			"requires": {
				"lodash.debounce": "4.0.8",
				"prop-types": "15.5.8",
				"ts-object-utils": "0.0.5"
			},
			"dependencies": {
				"prop-types": {
					"version": "15.5.8",
					"resolved": "https://registry.npmjs.org/prop-types/-/prop-types-15.5.8.tgz",
					"integrity": "sha1-a3suFBCDvjjIWVqlH8VXdccZk5Q=",
					"requires": {
						"fbjs": "^0.8.9"
					}
				}
			}
		},
		"safer-buffer": {
			"version": "2.1.2",
			"resolved": "https://registry.npmjs.org/safer-buffer/-/safer-buffer-2.1.2.tgz",
			"integrity": "sha512-YZo3K82SD7Riyi0E1EQPojLz7kpepnSQI9IyPbHHg1XXXevb5dJI7tpyN2ADxGcQbHG7vcyRHk0cbwqcQriUtg=="
		},
		"setimmediate": {
			"version": "1.0.5",
			"resolved": "https://registry.npmjs.org/setimmediate/-/setimmediate-1.0.5.tgz",
			"integrity": "sha1-KQy7Iy4waULX1+qbg3Mqt4VvgoU="
		},
		"simple-swizzle": {
			"version": "0.2.2",
			"resolved": "https://registry.npmjs.org/simple-swizzle/-/simple-swizzle-0.2.2.tgz",
			"integrity": "sha1-pNprY1/8zMoz9w0Xy5JZLeleVXo=",
			"requires": {
				"is-arrayish": "^0.3.1"
			}
		},
		"theming": {
			"version": "1.3.0",
			"resolved": "https://registry.npmjs.org/theming/-/theming-1.3.0.tgz",
			"integrity": "sha512-ya5Ef7XDGbTPBv5ENTwrwkPUexrlPeiAg/EI9kdlUAZhNlRbCdhMKRgjNX1IcmsmiPcqDQZE6BpSaH+cr31FKw==",
			"dev": true,
			"requires": {
				"brcast": "^3.0.1",
				"is-function": "^1.0.1",
				"is-plain-object": "^2.0.1",
				"prop-types": "^15.5.8"
			}
		},
		"ts-object-utils": {
			"version": "0.0.5",
			"resolved": "https://registry.npmjs.org/ts-object-utils/-/ts-object-utils-0.0.5.tgz",
			"integrity": "sha1-lTYc3s1+UhZ8/F5jTHY0XpCiYHc="
		},
		"ua-parser-js": {
			"version": "0.7.21",
			"resolved": "https://registry.npmjs.org/ua-parser-js/-/ua-parser-js-0.7.21.tgz",
			"integrity": "sha512-+O8/qh/Qj8CgC6eYBVBykMrNtp5Gebn4dlGD/kKXVkJNDwyrAwSIqwz8CDf+tsAIWVycKcku6gIXJ0qwx/ZXaQ=="
		},
		"whatwg-fetch": {
			"version": "3.0.0",
			"resolved": "https://registry.npmjs.org/whatwg-fetch/-/whatwg-fetch-3.0.0.tgz",
			"integrity": "sha512-9GSJUgz1D4MfyKU7KRqwOjXCXTqWdFNvEr7eUBYchQiVc744mqK/MzXPNR2WsPkmkOa4ywfg8C2n8h+13Bey1Q=="
		}
	}
}
